<?xml version="1.0" encoding="utf-8"?>
<Project ToolsVersion="4.0" xmlns="http://schemas.microsoft.com/developer/msbuild/2003">
  <ItemGroup>
    <ClCompile Include="Win32\Debug\Latency.cpp">
      <Filter>Source Files\Win32\Debug</Filter>
    </ClCompile>
    <ClCompile Include="x64\Debug\Latency.cpp">
      <Filter>Source Files\x64\Debug</Filter>
    </ClCompile>
    <ClCompile Include="Win32\Release\Latency.cpp">
      <Filter>Source Files\Win32\Release</Filter>
    </ClCompile>
    <ClCompile Include="x64\Release\Latency.cpp">
      <Filter>Source Files\x64\Release</Filter>
    </ClCompile>
    <ClCompile Include="..\..\Client.cpp">
      <Filter>Source Files</Filter>
    </ClCompile>
  </ItemGroup>
  <ItemGroup>
    <None Include="..\..\config.client" />
    <None Include="..\..\README.md" />
    <None Include="packages.config" />
  </ItemGroup>
  <ItemGroup>
    <Filter Include="Slice Files">
      <UniqueIdentifier>{e79c434b-6e43-42b3-a4eb-9e20f9eca0ab}</UniqueIdentifier>
      <Extensions>ice</Extensions>
    </Filter>
    <Filter Include="Source Files">
      <UniqueIdentifier>{0c1b9706-cba6-4c11-ba66-139e3cecddf8}</UniqueIdentifier>
    </Filter>
    <Filter Include="Source Files\Win32">
      <UniqueIdentifier>{d671aea5-901a-44d9-ab29-2ebe24bcb927}</UniqueIdentifier>
    </Filter>
    <Filter Include="Source Files\Win32\Debug">
      <UniqueIdentifier>{a61c76d7-da9b-4545-959c-74bc0546001e}</UniqueIdentifier>
    </Filter>
    <Filter Include="Header Files">
      <UniqueIdentifier>{dff97f54-0d76-4089-8eb9-7bb07d86be29}</UniqueIdentifier>
    </Filter>
    <Filter Include="Header Files\Win32">
      <UniqueIdentifier>{ace7ca08-9d3f-4100-815c-46a065f21484}</UniqueIdentifier>
    </Filter>
    <Filter Include="Header Files\Win32\Debug">
      <UniqueIdentifier>{3f6df03b-52e6-4d17-be01-91c897c75c69}</UniqueIdentifier>
    </Filter>
    <Filter Include="Source Files\x64">
      <UniqueIdentifier>{6564aaef-d197-45b9-998b-4b3afba64162}</UniqueIdentifier>
    </Filter>
    <Filter Include="Source Files\x64\Debug">
      <UniqueIdentifier>{ab10e3c2-6822-4d1c-b403-7a421bb8bfc5}</UniqueIdentifier>
    </Filter>
    <Filter Include="Header Files\x64">
      <UniqueIdentifier>{2ff846e7-a989-47cb-95a9-e9837daf499b}</UniqueIdentifier>
    </Filter>
    <Filter Include="Header Files\x64\Debug">
      <UniqueIdentifier>{9441b637-680a-4bcb-a393-06527a83687a}</UniqueIdentifier>
    </Filter>
    <Filter Include="Source Files\Win32\Release">
      <UniqueIdentifier>{c9d98502-3c9a-419e-afb0-e3c36163bc7a}</UniqueIdentifier>
    </Filter>
    <Filter Include="Header Files\Win32\Release">
      <UniqueIdentifier>{181d01d5-22b8-4519-abc7-bf979b795461}</UniqueIdentifier>
    </Filter>
    <Filter Include="Source Files\x64\Release">
      <UniqueIdentifier>{6330ce9f-9d77-4ac4-871f-4ff30a6f73bd}</UniqueIdentifier>
    </Filter>
    <Filter Include="Header Files\x64\Release">
      <UniqueIdentifier>{93fbf4e1-a7f2-4a97-9567-1b99af8f3e42}</UniqueIdentifier>
    </Filter>
  </ItemGroup>
  <ItemGroup>
    <IceBuilder Include="..\..\Latency.ice">
      <Filter>Slice Files</Filter>
    </IceBuilder>
  </ItemGroup>
  <ItemGroup>
    <ClInclude Include="Win32\Debug\Latency.h">
      <Filter>Header Files\Win32\Debug</Filter>
    </ClInclude>
    <ClInclude Include="x64\Debug\Latency.h">
      <Filter>Header Files\x64\Debug</Filter>
    </ClInclude>
    <ClInclude Include="Win32\Release\Latency.h">
      <Filter>Header Files\Win32\Release</Filter>
    </ClInclude>
    <ClInclude Include="x64\Release\Latency.h">
      <Filter>Header Files\x64\Release</Filter>
    </ClInclude>
  </ItemGroup>
</Project>