// !$*UTF8*$!
{
	archiveVersion = 1;
	classes = {
	};
	objectVersion = 46;
	objects = {

/* Begin PBXBuildFile section */
		101FA99830DC4386810D549D /* PromiseKit.framework in Frameworks */ = {isa = PBXBuildFile; fileRef = F0530FB210B47942BA05A84C /* PromiseKit.framework */; };
		138C77A3F5EE9B1AAAC03FAD /* Ice.framework in Frameworks */ = {isa = PBXBuildFile; fileRef = 324E4585D8F9F3DBAF80B198 /* Ice.framework */; };
		409FF32AF103D644669A6DEF /* main.swift in Sources */ = {isa = PBXBuildFile; fileRef = C274DF256D41899A7AE6A7E0 /* main.swift */; };
		A029BBB88CDD705D607785FA /* PromiseKit.framework in Frameworks */ = {isa = PBXBuildFile; fileRef = F0530FB210B47942BA05A84C /* PromiseKit.framework */; };
		A0F8311B793BCB9FAF0B09B7 /* Hello.ice in Sources */ = {isa = PBXBuildFile; fileRef = B3417C13E000C8B2D2F1E14C /* Hello.ice */; };
		AD4C43B8519041E4FE122507 /* Ice.framework in Frameworks */ = {isa = PBXBuildFile; fileRef = 324E4585D8F9F3DBAF80B198 /* Ice.framework */; };
		DF8130ABD3AF75A426679220 /* Hello.ice in Sources */ = {isa = PBXBuildFile; fileRef = B3417C13E000C8B2D2F1E14C /* Hello.ice */; };
		F0C980A0C45D34B1BB4F7A3E /* main.swift in Sources */ = {isa = PBXBuildFile; fileRef = F9E5D6A14F3945C3F7005941 /* main.swift */; };
/* End PBXBuildFile section */

/* Begin PBXBuildRule section */
		52B10E1E4E7E8EAC220BF962 /* PBXBuildRule */ = {
			isa = PBXBuildRule;
			compilerSpec = com.apple.compilers.proxy.script;
			filePatterns = "*.ice";
			fileType = pattern.proxy;
			isEditable = 1;
			name = "Slice Compiler";
			outputFiles = (
				"$(DERIVED_FILE_DIR)/$(INPUT_FILE_BASE).swift",
			);
			script = "/Users/jose/Documents/ZeroC/3.7/ice-demos/swift/config/xcode-slice2swift.sh";
		};
		905579A1C9CE84EFCA0DB6FD /* PBXBuildRule */ = {
			isa = PBXBuildRule;
			compilerSpec = com.apple.compilers.proxy.script;
			filePatterns = "*.ice";
			fileType = pattern.proxy;
			isEditable = 1;
			name = "Slice Compiler";
			outputFiles = (
				"$(DERIVED_FILE_DIR)/$(INPUT_FILE_BASE).swift",
			);
			script = "/Users/jose/Documents/ZeroC/3.7/ice-demos/swift/config/xcode-slice2swift.sh";
		};
/* End PBXBuildRule section */

/* Begin PBXFileReference section */
		324E4585D8F9F3DBAF80B198 /* Ice.framework */ = {isa = PBXFileReference; lastKnownFileType = wrapper.framework; name = Ice.framework; path = ../../Carthage/Build/Mac/Ice.framework; sourceTree = "<group>"; };
		35F8ACA5CEE68871050ECE0C /* Client. */ = {isa = PBXFileReference; includeInIndex = 0; path = Client.; sourceTree = BUILT_PRODUCTS_DIR; };
		4E9315BC3BC5C3A8B96ECA5E /* Cocoa.framework */ = {isa = PBXFileReference; lastKnownFileType = wrapper.framework; name = Cocoa.framework; path = Platforms/MacOSX.platform/Developer/SDKs/MacOSX10.14.sdk/System/Library/Frameworks/Cocoa.framework; sourceTree = DEVELOPER_DIR; };
		B3417C13E000C8B2D2F1E14C /* Hello.ice */ = {isa = PBXFileReference; includeInIndex = 1; path = Hello.ice; sourceTree = "<group>"; };
		C274DF256D41899A7AE6A7E0 /* main.swift */ = {isa = PBXFileReference; includeInIndex = 1; lastKnownFileType = sourcecode.swift; name = main.swift; path = Client/main.swift; sourceTree = "<group>"; };
		DFF180571FBDF0E6F868D974 /* Server. */ = {isa = PBXFileReference; includeInIndex = 0; path = Server.; sourceTree = BUILT_PRODUCTS_DIR; };
		F0530FB210B47942BA05A84C /* PromiseKit.framework */ = {isa = PBXFileReference; lastKnownFileType = wrapper.framework; name = PromiseKit.framework; path = ../../Carthage/Build/Mac/PromiseKit.framework; sourceTree = "<group>"; };
		F9E5D6A14F3945C3F7005941 /* main.swift */ = {isa = PBXFileReference; includeInIndex = 1; lastKnownFileType = sourcecode.swift; name = main.swift; path = Server/main.swift; sourceTree = "<group>"; };
/* End PBXFileReference section */

/* Begin PBXFrameworksBuildPhase section */
		14A613C917CAB0785C073C3E /* Frameworks */ = {
			isa = PBXFrameworksBuildPhase;
			buildActionMask = 2147483647;
			files = (
				AD4C43B8519041E4FE122507 /* Ice.framework in Frameworks */,
				101FA99830DC4386810D549D /* PromiseKit.framework in Frameworks */,
			);
			runOnlyForDeploymentPostprocessing = 0;
		};
		6371B821069C000F4155EF50 /* Frameworks */ = {
			isa = PBXFrameworksBuildPhase;
			buildActionMask = 2147483647;
			files = (
				138C77A3F5EE9B1AAAC03FAD /* Ice.framework in Frameworks */,
				A029BBB88CDD705D607785FA /* PromiseKit.framework in Frameworks */,
			);
			runOnlyForDeploymentPostprocessing = 0;
		};
/* End PBXFrameworksBuildPhase section */

/* Begin PBXGroup section */
		76382613658424136D1200F9 /* Frameworks */ = {
			isa = PBXGroup;
			children = (
				FBB4F021B4C7DB9A01E6523E /* OS X */,
			);
			name = Frameworks;
			sourceTree = "<group>";
		};
		9ABA868F79D9C66CF237D61C /* Client */ = {
			isa = PBXGroup;
			children = (
				C274DF256D41899A7AE6A7E0 /* main.swift */,
			);
			name = Client;
			sourceTree = "<group>";
		};
		C559E1558C1140E8CB358CB2 /* Products */ = {
			isa = PBXGroup;
			children = (
				35F8ACA5CEE68871050ECE0C /* Client. */,
				DFF180571FBDF0E6F868D974 /* Server. */,
			);
			name = Products;
			sourceTree = "<group>";
		};
		DF1444598869D0E88BB66B98 /* Server */ = {
			isa = PBXGroup;
			children = (
				F9E5D6A14F3945C3F7005941 /* main.swift */,
			);
			name = Server;
			sourceTree = "<group>";
		};
		FB92B4A86C8ADA6955EB5876 = {
			isa = PBXGroup;
			children = (
				9ABA868F79D9C66CF237D61C /* Client */,
				76382613658424136D1200F9 /* Frameworks */,
				C559E1558C1140E8CB358CB2 /* Products */,
				DF1444598869D0E88BB66B98 /* Server */,
				B3417C13E000C8B2D2F1E14C /* Hello.ice */,
			);
			sourceTree = "<group>";
		};
		FBB4F021B4C7DB9A01E6523E /* OS X */ = {
			isa = PBXGroup;
			children = (
				4E9315BC3BC5C3A8B96ECA5E /* Cocoa.framework */,
				324E4585D8F9F3DBAF80B198 /* Ice.framework */,
				F0530FB210B47942BA05A84C /* PromiseKit.framework */,
			);
			name = "OS X";
			sourceTree = "<group>";
		};
/* End PBXGroup section */

/* Begin PBXNativeTarget section */
		16D1F03BCB931E80793CCB03 /* Client macOS */ = {
			isa = PBXNativeTarget;
			buildConfigurationList = 4116B137C89980AF1B84B17F /* Build configuration list for PBXNativeTarget "Client macOS" */;
			buildPhases = (
				987A62DC804EC37EBD40B0A2 /* Sources */,
				14A613C917CAB0785C073C3E /* Frameworks */,
			);
			buildRules = (
				52B10E1E4E7E8EAC220BF962 /* PBXBuildRule */,
			);
			dependencies = (
			);
			name = "Client macOS";
			productName = Client;
			productReference = 35F8ACA5CEE68871050ECE0C /* Client. */;
			productType = "com.apple.product-type.tool";
		};
		C4DB53C123FCFA76C642860E /* Server macOS */ = {
			isa = PBXNativeTarget;
			buildConfigurationList = BB590D4E849C0B83F69A9227 /* Build configuration list for PBXNativeTarget "Server macOS" */;
			buildPhases = (
				C0260DC38E143BFA8D43852F /* Sources */,
				6371B821069C000F4155EF50 /* Frameworks */,
			);
			buildRules = (
				905579A1C9CE84EFCA0DB6FD /* PBXBuildRule */,
			);
			dependencies = (
			);
			name = "Server macOS";
			productName = Server;
			productReference = DFF180571FBDF0E6F868D974 /* Server. */;
			productType = "com.apple.product-type.tool";
		};
/* End PBXNativeTarget section */

/* Begin PBXProject section */
		98D72286FE24653267366929 /* Project object */ = {
			isa = PBXProject;
			attributes = {
				LastSwiftUpdateCheck = 0930;
				LastUpgradeCheck = 0930;
				TargetAttributes = {
					16D1F03BCB931E80793CCB03 = {
						ProvisioningStyle = Automatic;
					};
					C4DB53C123FCFA76C642860E = {
						ProvisioningStyle = Automatic;
					};
				};
			};
			buildConfigurationList = EB52BC4E34ED68E8AFF60D2A /* Build configuration list for PBXProject "hello" */;
			compatibilityVersion = "Xcode 3.2";
			developmentRegion = en;
			hasScannedForEncodings = 0;
			knownRegions = (
				Base,
				en,
			);
			mainGroup = FB92B4A86C8ADA6955EB5876;
			productRefGroup = C559E1558C1140E8CB358CB2 /* Products */;
			projectDirPath = "";
			projectRoot = "";
			targets = (
				16D1F03BCB931E80793CCB03 /* Client macOS */,
				C4DB53C123FCFA76C642860E /* Server macOS */,
			);
		};
/* End PBXProject section */

/* Begin PBXSourcesBuildPhase section */
		987A62DC804EC37EBD40B0A2 /* Sources */ = {
			isa = PBXSourcesBuildPhase;
			buildActionMask = 2147483647;
			files = (
				DF8130ABD3AF75A426679220 /* Hello.ice in Sources */,
				409FF32AF103D644669A6DEF /* main.swift in Sources */,
			);
			runOnlyForDeploymentPostprocessing = 0;
		};
		C0260DC38E143BFA8D43852F /* Sources */ = {
			isa = PBXSourcesBuildPhase;
			buildActionMask = 2147483647;
			files = (
				A0F8311B793BCB9FAF0B09B7 /* Hello.ice in Sources */,
				F0C980A0C45D34B1BB4F7A3E /* main.swift in Sources */,
			);
			runOnlyForDeploymentPostprocessing = 0;
		};
/* End PBXSourcesBuildPhase section */

/* Begin XCBuildConfiguration section */
		0FA7E0DC6837541EB3DFF4D2 /* Release */ = {
			isa = XCBuildConfiguration;
			buildSettings = {
				CODE_SIGN_IDENTITY = "-";
				CODE_SIGN_STYLE = Automatic;
				CONFIGURATION_BUILD_DIR = "$(SRCROOT)/Client";
				CURRENT_PROJECT_VERSION = 3.7.2;
				DYLIB_COMPATIBILITY_VERSION = 3.7.2;
				DYLIB_CURRENT_VERSION = 3.7.2;
				ENABLE_TESTABILITY = NO;
				FRAMEWORK_SEARCH_PATHS = "/Users/jose/Documents/ZeroC/3.7/ice-demos/swift/Carthage/Build/Mac";
				INFOPLIST_FILE = Client/Info.plist;
				LD_RUNPATH_SEARCH_PATHS = "/Users/jose/Documents/ZeroC/3.7/ice-demos/swift/Carthage/Build/Mac";
				PRODUCT_BUNDLE_IDENTIFIER = com.zeroc.demo.client;
				PRODUCT_NAME = client;
				SDKROOT = macosx;
				SWIFT_VERSION = 5.0;
			};
			name = Release;
		};
		5D88B7945DAD8274685C55DC /* Debug */ = {
			isa = XCBuildConfiguration;
			buildSettings = {
				CODE_SIGN_IDENTITY = "-";
				CODE_SIGN_STYLE = Automatic;
				CONFIGURATION_BUILD_DIR = "$(SRCROOT)/Server";
				CURRENT_PROJECT_VERSION = 3.7.2;
				DYLIB_COMPATIBILITY_VERSION = 3.7.2;
				DYLIB_CURRENT_VERSION = 3.7.2;
				ENABLE_TESTABILITY = NO;
				FRAMEWORK_SEARCH_PATHS = "/Users/jose/Documents/ZeroC/3.7/ice-demos/swift/Carthage/Build/Mac";
				INFOPLIST_FILE = Server/Info.plist;
				LD_RUNPATH_SEARCH_PATHS = "/Users/jose/Documents/ZeroC/3.7/ice-demos/swift/Carthage/Build/Mac";
				PRODUCT_BUNDLE_IDENTIFIER = com.zeroc.demo.server;
				PRODUCT_NAME = server;
				SDKROOT = macosx;
				SWIFT_VERSION = 5.0;
			};
			name = Debug;
		};
		A839EA255DDC0011191AAB82 /* Debug */ = {
			isa = XCBuildConfiguration;
			buildSettings = {
				ALWAYS_SEARCH_USER_PATHS = NO;
				CLANG_ANALYZER_NONNULL = YES;
				CLANG_ANALYZER_NUMBER_OBJECT_CONVERSION = YES_AGGRESSIVE;
				CLANG_CXX_LANGUAGE_STANDARD = "gnu++14";
				CLANG_CXX_LIBRARY = "libc++";
				CLANG_ENABLE_MODULES = YES;
				CLANG_ENABLE_OBJC_ARC = YES;
				CLANG_ENABLE_OBJC_WEAK = YES;
				CLANG_WARN_BLOCK_CAPTURE_AUTORELEASING = YES;
				CLANG_WARN_BOOL_CONVERSION = YES;
				CLANG_WARN_COMMA = YES;
				CLANG_WARN_CONSTANT_CONVERSION = YES;
				CLANG_WARN_DEPRECATED_OBJC_IMPLEMENTATIONS = YES;
				CLANG_WARN_DIRECT_OBJC_ISA_USAGE = YES_ERROR;
				CLANG_WARN_DOCUMENTATION_COMMENTS = YES;
				CLANG_WARN_EMPTY_BODY = YES;
				CLANG_WARN_ENUM_CONVERSION = YES;
				CLANG_WARN_INFINITE_RECURSION = YES;
				CLANG_WARN_INT_CONVERSION = YES;
				CLANG_WARN_NON_LITERAL_NULL_CONVERSION = YES;
				CLANG_WARN_OBJC_IMPLICIT_RETAIN_SELF = YES;
				CLANG_WARN_OBJC_LITERAL_CONVERSION = YES;
				CLANG_WARN_OBJC_ROOT_CLASS = YES_ERROR;
				CLANG_WARN_RANGE_LOOP_ANALYSIS = YES;
				CLANG_WARN_STRICT_PROTOTYPES = YES;
				CLANG_WARN_SUSPICIOUS_MOVE = YES;
				CLANG_WARN_UNGUARDED_AVAILABILITY = YES_AGGRESSIVE;
				CLANG_WARN_UNREACHABLE_CODE = YES;
				CLANG_WARN__DUPLICATE_METHOD_MATCH = YES;
				COPY_PHASE_STRIP = NO;
				DEBUG_INFORMATION_FORMAT = dwarf;
				ENABLE_STRICT_OBJC_MSGSEND = YES;
				ENABLE_TESTABILITY = YES;
				GCC_C_LANGUAGE_STANDARD = gnu11;
				GCC_DYNAMIC_NO_PIC = NO;
				GCC_NO_COMMON_BLOCKS = YES;
				GCC_OPTIMIZATION_LEVEL = 0;
				GCC_PREPROCESSOR_DEFINITIONS = (
					"DEBUG=1",
					"$(inherited)",
				);
				GCC_WARN_64_TO_32_BIT_CONVERSION = YES;
				GCC_WARN_ABOUT_RETURN_TYPE = YES_ERROR;
				GCC_WARN_UNDECLARED_SELECTOR = YES;
				GCC_WARN_UNINITIALIZED_AUTOS = YES_AGGRESSIVE;
				GCC_WARN_UNUSED_FUNCTION = YES;
				GCC_WARN_UNUSED_VARIABLE = YES;
				MTL_ENABLE_DEBUG_INFO = INCLUDE_SOURCE;
				MTL_FAST_MATH = YES;
				ONLY_ACTIVE_ARCH = YES;
				PRODUCT_NAME = "$(TARGET_NAME)";
				SWIFT_ACTIVE_COMPILATION_CONDITIONS = DEBUG;
				SWIFT_OPTIMIZATION_LEVEL = "-Onone";
				SWIFT_VERSION = 4.2;
			};
			name = Debug;
		};
		ECF43C84AAC0FDDC3AE94644 /* Release */ = {
			isa = XCBuildConfiguration;
			buildSettings = {
				ALWAYS_SEARCH_USER_PATHS = NO;
				CLANG_ANALYZER_NONNULL = YES;
				CLANG_ANALYZER_NUMBER_OBJECT_CONVERSION = YES_AGGRESSIVE;
				CLANG_CXX_LANGUAGE_STANDARD = "gnu++14";
				CLANG_CXX_LIBRARY = "libc++";
				CLANG_ENABLE_MODULES = YES;
				CLANG_ENABLE_OBJC_ARC = YES;
				CLANG_ENABLE_OBJC_WEAK = YES;
				CLANG_WARN_BLOCK_CAPTURE_AUTORELEASING = YES;
				CLANG_WARN_BOOL_CONVERSION = YES;
				CLANG_WARN_COMMA = YES;
				CLANG_WARN_CONSTANT_CONVERSION = YES;
				CLANG_WARN_DEPRECATED_OBJC_IMPLEMENTATIONS = YES;
				CLANG_WARN_DIRECT_OBJC_ISA_USAGE = YES_ERROR;
				CLANG_WARN_DOCUMENTATION_COMMENTS = YES;
				CLANG_WARN_EMPTY_BODY = YES;
				CLANG_WARN_ENUM_CONVERSION = YES;
				CLANG_WARN_INFINITE_RECURSION = YES;
				CLANG_WARN_INT_CONVERSION = YES;
				CLANG_WARN_NON_LITERAL_NULL_CONVERSION = YES;
				CLANG_WARN_OBJC_IMPLICIT_RETAIN_SELF = YES;
				CLANG_WARN_OBJC_LITERAL_CONVERSION = YES;
				CLANG_WARN_OBJC_ROOT_CLASS = YES_ERROR;
				CLANG_WARN_RANGE_LOOP_ANALYSIS = YES;
				CLANG_WARN_STRICT_PROTOTYPES = YES;
				CLANG_WARN_SUSPICIOUS_MOVE = YES;
				CLANG_WARN_UNGUARDED_AVAILABILITY = YES_AGGRESSIVE;
				CLANG_WARN_UNREACHABLE_CODE = YES;
				CLANG_WARN__DUPLICATE_METHOD_MATCH = YES;
				COPY_PHASE_STRIP = NO;
				DEBUG_INFORMATION_FORMAT = "dwarf-with-dsym";
				ENABLE_NS_ASSERTIONS = NO;
				ENABLE_STRICT_OBJC_MSGSEND = YES;
				GCC_C_LANGUAGE_STANDARD = gnu11;
				GCC_NO_COMMON_BLOCKS = YES;
				GCC_WARN_64_TO_32_BIT_CONVERSION = YES;
				GCC_WARN_ABOUT_RETURN_TYPE = YES_ERROR;
				GCC_WARN_UNDECLARED_SELECTOR = YES;
				GCC_WARN_UNINITIALIZED_AUTOS = YES_AGGRESSIVE;
				GCC_WARN_UNUSED_FUNCTION = YES;
				GCC_WARN_UNUSED_VARIABLE = YES;
				MTL_ENABLE_DEBUG_INFO = NO;
				MTL_FAST_MATH = YES;
				PRODUCT_NAME = "$(TARGET_NAME)";
				SWIFT_COMPILATION_MODE = wholemodule;
				SWIFT_OPTIMIZATION_LEVEL = "-O";
				SWIFT_VERSION = 4.2;
			};
			name = Release;
		};
		F274046E954001B05B5D6EF4 /* Release */ = {
			isa = XCBuildConfiguration;
			buildSettings = {
				CODE_SIGN_IDENTITY = "-";
				CODE_SIGN_STYLE = Automatic;
				CONFIGURATION_BUILD_DIR = "$(SRCROOT)/Server";
				CURRENT_PROJECT_VERSION = 3.7.2;
				DYLIB_COMPATIBILITY_VERSION = 3.7.2;
				DYLIB_CURRENT_VERSION = 3.7.2;
				ENABLE_TESTABILITY = NO;
				FRAMEWORK_SEARCH_PATHS = "/Users/jose/Documents/ZeroC/3.7/ice-demos/swift/Carthage/Build/Mac";
				INFOPLIST_FILE = Server/Info.plist;
				LD_RUNPATH_SEARCH_PATHS = "/Users/jose/Documents/ZeroC/3.7/ice-demos/swift/Carthage/Build/Mac";
				PRODUCT_BUNDLE_IDENTIFIER = com.zeroc.demo.server;
				PRODUCT_NAME = server;
				SDKROOT = macosx;
				SWIFT_VERSION = 5.0;
			};
			name = Release;
		};
		F9D2D11D372929EC76470A45 /* Debug */ = {
			isa = XCBuildConfiguration;
			buildSettings = {
				CODE_SIGN_IDENTITY = "-";
				CODE_SIGN_STYLE = Automatic;
				CONFIGURATION_BUILD_DIR = "$(SRCROOT)/Client";
				CURRENT_PROJECT_VERSION = 3.7.2;
				DYLIB_COMPATIBILITY_VERSION = 3.7.2;
				DYLIB_CURRENT_VERSION = 3.7.2;
				ENABLE_TESTABILITY = NO;
				FRAMEWORK_SEARCH_PATHS = "/Users/jose/Documents/ZeroC/3.7/ice-demos/swift/Carthage/Build/Mac";
				INFOPLIST_FILE = Client/Info.plist;
				LD_RUNPATH_SEARCH_PATHS = "/Users/jose/Documents/ZeroC/3.7/ice-demos/swift/Carthage/Build/Mac";
				PRODUCT_BUNDLE_IDENTIFIER = com.zeroc.demo.client;
				PRODUCT_NAME = client;
				SDKROOT = macosx;
				SWIFT_VERSION = 5.0;
			};
			name = Debug;
		};
/* End XCBuildConfiguration section */

/* Begin XCConfigurationList section */
		4116B137C89980AF1B84B17F /* Build configuration list for PBXNativeTarget "Client macOS" */ = {
			isa = XCConfigurationList;
			buildConfigurations = (
				F9D2D11D372929EC76470A45 /* Debug */,
				0FA7E0DC6837541EB3DFF4D2 /* Release */,
			);
			defaultConfigurationIsVisible = 0;
			defaultConfigurationName = Release;
		};
		BB590D4E849C0B83F69A9227 /* Build configuration list for PBXNativeTarget "Server macOS" */ = {
			isa = XCConfigurationList;
			buildConfigurations = (
				5D88B7945DAD8274685C55DC /* Debug */,
				F274046E954001B05B5D6EF4 /* Release */,
			);
			defaultConfigurationIsVisible = 0;
			defaultConfigurationName = Release;
		};
		EB52BC4E34ED68E8AFF60D2A /* Build configuration list for PBXProject "hello" */ = {
			isa = XCConfigurationList;
			buildConfigurations = (
				A839EA255DDC0011191AAB82 /* Debug */,
				ECF43C84AAC0FDDC3AE94644 /* Release */,
			);
			defaultConfigurationIsVisible = 0;
			defaultConfigurationName = Release;
		};
/* End XCConfigurationList section */
	};
	rootObject = 98D72286FE24653267366929 /* Project object */;
}
