{
    "name": "greeter",
    "version": "1.0.0",
    "lockfileVersion": 3,
    "requires": true,
    "packages": {
        "": {
            "name": "greeter",
            "version": "1.0.0",
            "license": "GPL-2.0-only",
            "dependencies": {
                "ice": "^3.8.0-nightly.20250216.1"
            },
            "devDependencies": {
                "@types/node": "^20.14.5",
                "typescript": "^5.4.5"
            }
        },
        "node_modules/@types/node": {
            "version": "20.17.19",
            "dev": true,
            "license": "MIT",
            "dependencies": {
                "undici-types": "~6.19.2"
            }
        },
        "node_modules/ice": {
            "version": "3.8.0-nightly.20250216.1",
            "resolved": "https://download.zeroc.com/nexus/repository/npm-nightly/ice/-/ice-3.8.0-nightly.20250216.1.tgz",
            "integrity": "sha512-Lrqh206IWBXgrh2ScPwiOadBkPF+iY38xQkszcxRs931udQ65X+LKvFRijohoUxVG6Z0ZZjR9V6V1Fpy8okLnQ==",
            "license": "GPL-2.0",
            "engines": {
                "node": ">=18.20.3"
            }
        },
        "node_modules/typescript": {
            "version": "5.7.3",
            "dev": true,
            "license": "Apache-2.0",
            "bin": {
                "tsc": "bin/tsc",
                "tsserver": "bin/tsserver"
            },
            "engines": {
                "node": ">=14.17"
            }
        },
        "node_modules/undici-types": {
            "version": "6.19.8",
            "dev": true,
            "license": "MIT"
        }
    }
}
