<?xml version="1.0" encoding="utf-8"?>
<Project ToolsVersion="4.0" xmlns="http://schemas.microsoft.com/developer/msbuild/2003">
  <ItemGroup>
    <ClCompile Include="Win32\Debug\Interceptor.cpp">
      <Filter>Source Files\Win32\Debug</Filter>
    </ClCompile>
    <ClCompile Include="x64\Debug\Interceptor.cpp">
      <Filter>Source Files\x64\Debug</Filter>
    </ClCompile>
    <ClCompile Include="Win32\Release\Interceptor.cpp">
      <Filter>Source Files\Win32\Release</Filter>
    </ClCompile>
    <ClCompile Include="x64\Release\Interceptor.cpp">
      <Filter>Source Files\x64\Release</Filter>
    </ClCompile>
    <ClCompile Include="..\..\AuthenticatorI.cpp">
      <Filter>Source Files</Filter>
    </ClCompile>
    <ClCompile Include="..\..\InterceptorI.cpp">
      <Filter>Source Files</Filter>
    </ClCompile>
    <ClCompile Include="..\..\ThermostatI.cpp">
      <Filter>Source Files</Filter>
    </ClCompile>
    <ClCompile Include="..\..\Server.cpp">
      <Filter>Source Files</Filter>
    </ClCompile>
  </ItemGroup>
  <ItemGroup>
    <ClInclude Include="Win32\Debug\Interceptor.h">
      <Filter>Header Files\Win32\Debug</Filter>
    </ClInclude>
    <ClInclude Include="x64\Debug\Interceptor.h">
      <Filter>Header Files\x64\Debug</Filter>
    </ClInclude>
    <ClInclude Include="Win32\Release\Interceptor.h">
      <Filter>Header Files\Win32\Release</Filter>
    </ClInclude>
    <ClInclude Include="x64\Release\Interceptor.h">
      <Filter>Header Files\x64\Release</Filter>
    </ClInclude>
    <ClInclude Include="..\..\AuthenticatorI.h">
      <Filter>Header Files</Filter>
    </ClInclude>
    <ClInclude Include="..\..\InterceptorI.h">
      <Filter>Header Files</Filter>
    </ClInclude>
    <ClInclude Include="..\..\ThermostatI.h">
      <Filter>Header Files</Filter>
    </ClInclude>
  </ItemGroup>
  <ItemGroup>
    <None Include="..\..\config.server" />
    <None Include="packages.config" />
  </ItemGroup>
  <ItemGroup>
    <Filter Include="Slice Files">
      <UniqueIdentifier>{59e1e488-e7e9-495e-8e5a-9743be02c4d2}</UniqueIdentifier>
      <Extensions>ice</Extensions>
    </Filter>
    <Filter Include="Source Files">
      <UniqueIdentifier>{f2ddccd8-b19a-4e8b-92bd-373cf3caf1b0}</UniqueIdentifier>
    </Filter>
    <Filter Include="Source Files\Win32">
      <UniqueIdentifier>{a9521d7c-07e5-4dd7-9090-2b00d3e0bed2}</UniqueIdentifier>
    </Filter>
    <Filter Include="Source Files\Win32\Debug">
      <UniqueIdentifier>{59fa1933-8a8a-41c3-99d7-c90866d95abb}</UniqueIdentifier>
    </Filter>
    <Filter Include="Header Files">
      <UniqueIdentifier>{2363d207-52f6-43c4-937e-0579ea6ad318}</UniqueIdentifier>
    </Filter>
    <Filter Include="Header Files\Win32">
      <UniqueIdentifier>{dbaf89c2-659b-4c40-b1ff-b057ff153701}</UniqueIdentifier>
    </Filter>
    <Filter Include="Header Files\Win32\Debug">
      <UniqueIdentifier>{e8cfacca-7acc-4828-84da-a6f252a583f8}</UniqueIdentifier>
    </Filter>
    <Filter Include="Source Files\x64">
      <UniqueIdentifier>{cc001759-5f93-4cae-9463-2c2b08f3f537}</UniqueIdentifier>
    </Filter>
    <Filter Include="Source Files\x64\Debug">
      <UniqueIdentifier>{e0ca1570-4b0b-421b-b361-a5467c46ad63}</UniqueIdentifier>
    </Filter>
    <Filter Include="Header Files\x64">
      <UniqueIdentifier>{472cbef4-1986-4962-9e6a-51eb1ee60036}</UniqueIdentifier>
    </Filter>
    <Filter Include="Header Files\x64\Debug">
      <UniqueIdentifier>{23b82a97-3e39-4ee5-8d5f-c642f279d1bd}</UniqueIdentifier>
    </Filter>
    <Filter Include="Source Files\Win32\Release">
      <UniqueIdentifier>{d0460d88-b675-4494-ae4b-5780975878f9}</UniqueIdentifier>
    </Filter>
    <Filter Include="Header Files\Win32\Release">
      <UniqueIdentifier>{129e4b03-c983-46b2-826f-c1ba2d908985}</UniqueIdentifier>
    </Filter>
    <Filter Include="Source Files\x64\Release">
      <UniqueIdentifier>{d8a50a4e-8b49-47fe-8ded-48445bdaab67}</UniqueIdentifier>
    </Filter>
    <Filter Include="Header Files\x64\Release">
      <UniqueIdentifier>{39579a29-9106-4dc4-926d-8605f0b3c367}</UniqueIdentifier>
    </Filter>
  </ItemGroup>
  <ItemGroup>
    <SliceCompile Include="..\..\Interceptor.ice">
      <Filter>Slice Files</Filter>
    </SliceCompile>
  </ItemGroup>
</Project>