// !$*UTF8*$!
{
	archiveVersion = 1;
	classes = {
	};
	objectVersion = 46;
	objects = {

/* Begin PBXBuildFile section */
		077D4A559115D350AB5D3195 /* Ice.framework in Frameworks */ = {isa = PBXBuildFile; fileRef = 3CCDA117C31B5F2B6040E625 /* Ice.framework */; };
		1BAD71A1658EA9EE47833F52 /* main.swift in Sources */ = {isa = PBXBuildFile; fileRef = 245A70189DB8FDC0C96C2138 /* main.swift */; };
		421402328559858851658F2A /* Ice.framework in Frameworks */ = {isa = PBXBuildFile; fileRef = 3CCDA117C31B5F2B6040E625 /* Ice.framework */; };
		446C3B66321ADD003685857E /* Throughput.ice in Sources */ = {isa = PBXBuildFile; fileRef = D0D55274C0CCB801F090C9E4 /* Throughput.ice */; };
		53A65853FF32173EC9770E1D /* main.swift in Sources */ = {isa = PBXBuildFile; fileRef = 142343014E87A31E92DC998A /* main.swift */; };
		745FDC43FD83B0EEAD47A060 /* Throughput.ice in Sources */ = {isa = PBXBuildFile; fileRef = D0D55274C0CCB801F090C9E4 /* Throughput.ice */; };
		8A3EA7BF08F74B7F7670DD38 /* PromiseKit.framework in Frameworks */ = {isa = PBXBuildFile; fileRef = 634749AD3E4FEB154385F71E /* PromiseKit.framework */; };
		D85C0D784121004EE59418E6 /* PromiseKit.framework in Frameworks */ = {isa = PBXBuildFile; fileRef = 634749AD3E4FEB154385F71E /* PromiseKit.framework */; };
/* End PBXBuildFile section */

/* Begin PBXBuildRule section */
		2BDE34BDB04F0D3992EBD50E /* PBXBuildRule */ = {
			isa = PBXBuildRule;
			compilerSpec = com.apple.compilers.proxy.script;
			filePatterns = "*.ice";
			fileType = pattern.proxy;
			isEditable = 1;
			name = "Slice Compiler";
			outputFiles = (
				"$(DERIVED_FILE_DIR)/$(INPUT_FILE_BASE).swift",
			);
			script = "/Users/jose/Documents/ZeroC/3.7/ice-demos/swift/config/xcode-slice2swift.sh";
		};
		BA1B22AE4D772DCFE5FA3E71 /* PBXBuildRule */ = {
			isa = PBXBuildRule;
			compilerSpec = com.apple.compilers.proxy.script;
			filePatterns = "*.ice";
			fileType = pattern.proxy;
			isEditable = 1;
			name = "Slice Compiler";
			outputFiles = (
				"$(DERIVED_FILE_DIR)/$(INPUT_FILE_BASE).swift",
			);
			script = "/Users/jose/Documents/ZeroC/3.7/ice-demos/swift/config/xcode-slice2swift.sh";
		};
/* End PBXBuildRule section */

/* Begin PBXFileReference section */
		0124B2F099CD725D8BFF6D39 /* Server. */ = {isa = PBXFileReference; includeInIndex = 0; path = Server.; sourceTree = BUILT_PRODUCTS_DIR; };
		142343014E87A31E92DC998A /* main.swift */ = {isa = PBXFileReference; includeInIndex = 1; lastKnownFileType = sourcecode.swift; name = main.swift; path = Client/main.swift; sourceTree = "<group>"; };
		245A70189DB8FDC0C96C2138 /* main.swift */ = {isa = PBXFileReference; includeInIndex = 1; lastKnownFileType = sourcecode.swift; name = main.swift; path = Server/main.swift; sourceTree = "<group>"; };
		3CCDA117C31B5F2B6040E625 /* Ice.framework */ = {isa = PBXFileReference; lastKnownFileType = wrapper.framework; name = Ice.framework; path = ../../Carthage/Build/Mac/Ice.framework; sourceTree = "<group>"; };
		5512E0FFD90F4C06256F3D02 /* Client. */ = {isa = PBXFileReference; includeInIndex = 0; path = Client.; sourceTree = BUILT_PRODUCTS_DIR; };
		634749AD3E4FEB154385F71E /* PromiseKit.framework */ = {isa = PBXFileReference; lastKnownFileType = wrapper.framework; name = PromiseKit.framework; path = ../../Carthage/Build/Mac/PromiseKit.framework; sourceTree = "<group>"; };
		C69BAA207C6FAB1A1E75AE5C /* Cocoa.framework */ = {isa = PBXFileReference; lastKnownFileType = wrapper.framework; name = Cocoa.framework; path = Platforms/MacOSX.platform/Developer/SDKs/MacOSX10.14.sdk/System/Library/Frameworks/Cocoa.framework; sourceTree = DEVELOPER_DIR; };
		D0D55274C0CCB801F090C9E4 /* Throughput.ice */ = {isa = PBXFileReference; includeInIndex = 1; path = Throughput.ice; sourceTree = "<group>"; };
/* End PBXFileReference section */

/* Begin PBXFrameworksBuildPhase section */
		501BFA698028C37C7DF7FFCF /* Frameworks */ = {
			isa = PBXFrameworksBuildPhase;
			buildActionMask = 2147483647;
			files = (
				421402328559858851658F2A /* Ice.framework in Frameworks */,
				D85C0D784121004EE59418E6 /* PromiseKit.framework in Frameworks */,
			);
			runOnlyForDeploymentPostprocessing = 0;
		};
		6DF749D7CF1E5EEA5AF105E0 /* Frameworks */ = {
			isa = PBXFrameworksBuildPhase;
			buildActionMask = 2147483647;
			files = (
				077D4A559115D350AB5D3195 /* Ice.framework in Frameworks */,
				8A3EA7BF08F74B7F7670DD38 /* PromiseKit.framework in Frameworks */,
			);
			runOnlyForDeploymentPostprocessing = 0;
		};
/* End PBXFrameworksBuildPhase section */

/* Begin PBXGroup section */
		23E368921B9FF7DA536373A0 = {
			isa = PBXGroup;
			children = (
				D924B0EEAC821A263683E3B4 /* Frameworks */,
				3ED7150AD9E5B4D63AC63EA6 /* Ice */,
				D6AA1E0D12B11091F218F3B3 /* Products */,
			);
			sourceTree = "<group>";
		};
		3ED7150AD9E5B4D63AC63EA6 /* Ice */ = {
			isa = PBXGroup;
			children = (
				777DCF45551E0A5599062984 /* throughput */,
			);
			name = Ice;
			sourceTree = "<group>";
		};
		513F39D2F1024E9C0197123E /* OS X */ = {
			isa = PBXGroup;
			children = (
				C69BAA207C6FAB1A1E75AE5C /* Cocoa.framework */,
				3CCDA117C31B5F2B6040E625 /* Ice.framework */,
				634749AD3E4FEB154385F71E /* PromiseKit.framework */,
			);
			name = "OS X";
			sourceTree = "<group>";
		};
		777DCF45551E0A5599062984 /* throughput */ = {
			isa = PBXGroup;
			children = (
				C684C5F560FC2B169F2EADBC /* Client */,
				82CD1CFF70754BD978952B00 /* Server */,
				D0D55274C0CCB801F090C9E4 /* Throughput.ice */,
			);
			name = throughput;
			sourceTree = "<group>";
		};
		82CD1CFF70754BD978952B00 /* Server */ = {
			isa = PBXGroup;
			children = (
				245A70189DB8FDC0C96C2138 /* main.swift */,
			);
			name = Server;
			sourceTree = "<group>";
		};
		C684C5F560FC2B169F2EADBC /* Client */ = {
			isa = PBXGroup;
			children = (
				142343014E87A31E92DC998A /* main.swift */,
			);
			name = Client;
			sourceTree = "<group>";
		};
		D6AA1E0D12B11091F218F3B3 /* Products */ = {
			isa = PBXGroup;
			children = (
				5512E0FFD90F4C06256F3D02 /* Client. */,
				0124B2F099CD725D8BFF6D39 /* Server. */,
			);
			name = Products;
			sourceTree = "<group>";
		};
		D924B0EEAC821A263683E3B4 /* Frameworks */ = {
			isa = PBXGroup;
			children = (
				513F39D2F1024E9C0197123E /* OS X */,
			);
			name = Frameworks;
			sourceTree = "<group>";
		};
/* End PBXGroup section */

/* Begin PBXNativeTarget section */
		6040602C32F528273902C0C6 /* Client macOS */ = {
			isa = PBXNativeTarget;
			buildConfigurationList = E1B929338CF67E6E05F2F097 /* Build configuration list for PBXNativeTarget "Client macOS" */;
			buildPhases = (
				B11859AB797565FB98D09A8B /* Sources */,
				6DF749D7CF1E5EEA5AF105E0 /* Frameworks */,
			);
			buildRules = (
				2BDE34BDB04F0D3992EBD50E /* PBXBuildRule */,
			);
			dependencies = (
			);
			name = "Client macOS";
			productName = Client;
			productReference = 5512E0FFD90F4C06256F3D02 /* Client. */;
			productType = "com.apple.product-type.tool";
		};
		BCEC47E481CC35921C88AFB3 /* Server macOS */ = {
			isa = PBXNativeTarget;
			buildConfigurationList = 2046D351722096B3EBE28149 /* Build configuration list for PBXNativeTarget "Server macOS" */;
			buildPhases = (
				C6EE69F59C0C2353E2C0930C /* Sources */,
				501BFA698028C37C7DF7FFCF /* Frameworks */,
			);
			buildRules = (
				BA1B22AE4D772DCFE5FA3E71 /* PBXBuildRule */,
			);
			dependencies = (
			);
			name = "Server macOS";
			productName = Server;
			productReference = 0124B2F099CD725D8BFF6D39 /* Server. */;
			productType = "com.apple.product-type.tool";
		};
/* End PBXNativeTarget section */

/* Begin PBXProject section */
		51A2771C0FAF05DF6B11AD61 /* Project object */ = {
			isa = PBXProject;
			attributes = {
				LastSwiftUpdateCheck = 0930;
				LastUpgradeCheck = 0930;
				TargetAttributes = {
					6040602C32F528273902C0C6 = {
						ProvisioningStyle = Automatic;
					};
					BCEC47E481CC35921C88AFB3 = {
						ProvisioningStyle = Automatic;
					};
				};
			};
			buildConfigurationList = 4B91833A726E8194783B2F0C /* Build configuration list for PBXProject "throughput" */;
			compatibilityVersion = "Xcode 3.2";
			developmentRegion = en;
			hasScannedForEncodings = 0;
			knownRegions = (
				Base,
				en,
			);
			mainGroup = 23E368921B9FF7DA536373A0;
			productRefGroup = D6AA1E0D12B11091F218F3B3 /* Products */;
			projectDirPath = "";
			projectRoot = "";
			targets = (
				6040602C32F528273902C0C6 /* Client macOS */,
				BCEC47E481CC35921C88AFB3 /* Server macOS */,
			);
		};
/* End PBXProject section */

/* Begin PBXSourcesBuildPhase section */
		B11859AB797565FB98D09A8B /* Sources */ = {
			isa = PBXSourcesBuildPhase;
			buildActionMask = 2147483647;
			files = (
				53A65853FF32173EC9770E1D /* main.swift in Sources */,
				446C3B66321ADD003685857E /* Throughput.ice in Sources */,
			);
			runOnlyForDeploymentPostprocessing = 0;
		};
		C6EE69F59C0C2353E2C0930C /* Sources */ = {
			isa = PBXSourcesBuildPhase;
			buildActionMask = 2147483647;
			files = (
				1BAD71A1658EA9EE47833F52 /* main.swift in Sources */,
				745FDC43FD83B0EEAD47A060 /* Throughput.ice in Sources */,
			);
			runOnlyForDeploymentPostprocessing = 0;
		};
/* End PBXSourcesBuildPhase section */

/* Begin XCBuildConfiguration section */
		13B5EC350A30AFDB8B5E64A3 /* Debug */ = {
			isa = XCBuildConfiguration;
			buildSettings = {
				CODE_SIGN_IDENTITY = "-";
				CODE_SIGN_STYLE = Automatic;
				CONFIGURATION_BUILD_DIR = "$(SRCROOT)/Client";
				CURRENT_PROJECT_VERSION = 3.7.2;
				DYLIB_COMPATIBILITY_VERSION = 3.7.2;
				DYLIB_CURRENT_VERSION = 3.7.2;
				ENABLE_TESTABILITY = NO;
				FRAMEWORK_SEARCH_PATHS = "/Users/jose/Documents/ZeroC/3.7/ice-demos/swift/Carthage/Build/Mac";
				INFOPLIST_FILE = Ice/throughput/Client/Info.plist;
				LD_RUNPATH_SEARCH_PATHS = "/Users/jose/Documents/ZeroC/3.7/ice-demos/swift/Carthage/Build/Mac";
				PRODUCT_BUNDLE_IDENTIFIER = com.zeroc.demo.Client;
				PRODUCT_NAME = Client;
				SDKROOT = macosx;
				SWIFT_VERSION = 5.0;
			};
			name = Debug;
		};
		6FFA8EB592A1343F90F7A71F /* Debug */ = {
			isa = XCBuildConfiguration;
			buildSettings = {
				CODE_SIGN_IDENTITY = "-";
				CODE_SIGN_STYLE = Automatic;
				CONFIGURATION_BUILD_DIR = "$(SRCROOT)/Server";
				CURRENT_PROJECT_VERSION = 3.7.2;
				DYLIB_COMPATIBILITY_VERSION = 3.7.2;
				DYLIB_CURRENT_VERSION = 3.7.2;
				ENABLE_TESTABILITY = NO;
				FRAMEWORK_SEARCH_PATHS = "/Users/jose/Documents/ZeroC/3.7/ice-demos/swift/Carthage/Build/Mac";
				INFOPLIST_FILE = Ice/throughput/Server/Info.plist;
				LD_RUNPATH_SEARCH_PATHS = "/Users/jose/Documents/ZeroC/3.7/ice-demos/swift/Carthage/Build/Mac";
				PRODUCT_BUNDLE_IDENTIFIER = com.zeroc.demo.Server;
				PRODUCT_NAME = Server;
				SDKROOT = macosx;
				SWIFT_VERSION = 5.0;
			};
			name = Debug;
		};
		847AEA3DFB134C1BE1191E8C /* Release */ = {
			isa = XCBuildConfiguration;
			buildSettings = {
				ALWAYS_SEARCH_USER_PATHS = NO;
				CLANG_ANALYZER_NONNULL = YES;
				CLANG_ANALYZER_NUMBER_OBJECT_CONVERSION = YES_AGGRESSIVE;
				CLANG_CXX_LANGUAGE_STANDARD = "gnu++14";
				CLANG_CXX_LIBRARY = "libc++";
				CLANG_ENABLE_MODULES = YES;
				CLANG_ENABLE_OBJC_ARC = YES;
				CLANG_ENABLE_OBJC_WEAK = YES;
				CLANG_WARN_BLOCK_CAPTURE_AUTORELEASING = YES;
				CLANG_WARN_BOOL_CONVERSION = YES;
				CLANG_WARN_COMMA = YES;
				CLANG_WARN_CONSTANT_CONVERSION = YES;
				CLANG_WARN_DEPRECATED_OBJC_IMPLEMENTATIONS = YES;
				CLANG_WARN_DIRECT_OBJC_ISA_USAGE = YES_ERROR;
				CLANG_WARN_DOCUMENTATION_COMMENTS = YES;
				CLANG_WARN_EMPTY_BODY = YES;
				CLANG_WARN_ENUM_CONVERSION = YES;
				CLANG_WARN_INFINITE_RECURSION = YES;
				CLANG_WARN_INT_CONVERSION = YES;
				CLANG_WARN_NON_LITERAL_NULL_CONVERSION = YES;
				CLANG_WARN_OBJC_IMPLICIT_RETAIN_SELF = YES;
				CLANG_WARN_OBJC_LITERAL_CONVERSION = YES;
				CLANG_WARN_OBJC_ROOT_CLASS = YES_ERROR;
				CLANG_WARN_RANGE_LOOP_ANALYSIS = YES;
				CLANG_WARN_STRICT_PROTOTYPES = YES;
				CLANG_WARN_SUSPICIOUS_MOVE = YES;
				CLANG_WARN_UNGUARDED_AVAILABILITY = YES_AGGRESSIVE;
				CLANG_WARN_UNREACHABLE_CODE = YES;
				CLANG_WARN__DUPLICATE_METHOD_MATCH = YES;
				COPY_PHASE_STRIP = NO;
				DEBUG_INFORMATION_FORMAT = "dwarf-with-dsym";
				ENABLE_NS_ASSERTIONS = NO;
				ENABLE_STRICT_OBJC_MSGSEND = YES;
				GCC_C_LANGUAGE_STANDARD = gnu11;
				GCC_NO_COMMON_BLOCKS = YES;
				GCC_WARN_64_TO_32_BIT_CONVERSION = YES;
				GCC_WARN_ABOUT_RETURN_TYPE = YES_ERROR;
				GCC_WARN_UNDECLARED_SELECTOR = YES;
				GCC_WARN_UNINITIALIZED_AUTOS = YES_AGGRESSIVE;
				GCC_WARN_UNUSED_FUNCTION = YES;
				GCC_WARN_UNUSED_VARIABLE = YES;
				MTL_ENABLE_DEBUG_INFO = NO;
				MTL_FAST_MATH = YES;
				PRODUCT_NAME = "$(TARGET_NAME)";
				SWIFT_COMPILATION_MODE = wholemodule;
				SWIFT_OPTIMIZATION_LEVEL = "-O";
				SWIFT_VERSION = 4.2;
			};
			name = Release;
		};
		895D34B5B4DD7F34795D1EF9 /* Debug */ = {
			isa = XCBuildConfiguration;
			buildSettings = {
				ALWAYS_SEARCH_USER_PATHS = NO;
				CLANG_ANALYZER_NONNULL = YES;
				CLANG_ANALYZER_NUMBER_OBJECT_CONVERSION = YES_AGGRESSIVE;
				CLANG_CXX_LANGUAGE_STANDARD = "gnu++14";
				CLANG_CXX_LIBRARY = "libc++";
				CLANG_ENABLE_MODULES = YES;
				CLANG_ENABLE_OBJC_ARC = YES;
				CLANG_ENABLE_OBJC_WEAK = YES;
				CLANG_WARN_BLOCK_CAPTURE_AUTORELEASING = YES;
				CLANG_WARN_BOOL_CONVERSION = YES;
				CLANG_WARN_COMMA = YES;
				CLANG_WARN_CONSTANT_CONVERSION = YES;
				CLANG_WARN_DEPRECATED_OBJC_IMPLEMENTATIONS = YES;
				CLANG_WARN_DIRECT_OBJC_ISA_USAGE = YES_ERROR;
				CLANG_WARN_DOCUMENTATION_COMMENTS = YES;
				CLANG_WARN_EMPTY_BODY = YES;
				CLANG_WARN_ENUM_CONVERSION = YES;
				CLANG_WARN_INFINITE_RECURSION = YES;
				CLANG_WARN_INT_CONVERSION = YES;
				CLANG_WARN_NON_LITERAL_NULL_CONVERSION = YES;
				CLANG_WARN_OBJC_IMPLICIT_RETAIN_SELF = YES;
				CLANG_WARN_OBJC_LITERAL_CONVERSION = YES;
				CLANG_WARN_OBJC_ROOT_CLASS = YES_ERROR;
				CLANG_WARN_RANGE_LOOP_ANALYSIS = YES;
				CLANG_WARN_STRICT_PROTOTYPES = YES;
				CLANG_WARN_SUSPICIOUS_MOVE = YES;
				CLANG_WARN_UNGUARDED_AVAILABILITY = YES_AGGRESSIVE;
				CLANG_WARN_UNREACHABLE_CODE = YES;
				CLANG_WARN__DUPLICATE_METHOD_MATCH = YES;
				COPY_PHASE_STRIP = NO;
				DEBUG_INFORMATION_FORMAT = dwarf;
				ENABLE_STRICT_OBJC_MSGSEND = YES;
				ENABLE_TESTABILITY = YES;
				GCC_C_LANGUAGE_STANDARD = gnu11;
				GCC_DYNAMIC_NO_PIC = NO;
				GCC_NO_COMMON_BLOCKS = YES;
				GCC_OPTIMIZATION_LEVEL = 0;
				GCC_PREPROCESSOR_DEFINITIONS = (
					"DEBUG=1",
					"$(inherited)",
				);
				GCC_WARN_64_TO_32_BIT_CONVERSION = YES;
				GCC_WARN_ABOUT_RETURN_TYPE = YES_ERROR;
				GCC_WARN_UNDECLARED_SELECTOR = YES;
				GCC_WARN_UNINITIALIZED_AUTOS = YES_AGGRESSIVE;
				GCC_WARN_UNUSED_FUNCTION = YES;
				GCC_WARN_UNUSED_VARIABLE = YES;
				MTL_ENABLE_DEBUG_INFO = INCLUDE_SOURCE;
				MTL_FAST_MATH = YES;
				ONLY_ACTIVE_ARCH = YES;
				PRODUCT_NAME = "$(TARGET_NAME)";
				SWIFT_ACTIVE_COMPILATION_CONDITIONS = DEBUG;
				SWIFT_OPTIMIZATION_LEVEL = "-Onone";
				SWIFT_VERSION = 4.2;
			};
			name = Debug;
		};
		B910552BD9FAA6B5C5C734D5 /* Release */ = {
			isa = XCBuildConfiguration;
			buildSettings = {
				CODE_SIGN_IDENTITY = "-";
				CODE_SIGN_STYLE = Automatic;
				CONFIGURATION_BUILD_DIR = "$(SRCROOT)/Server";
				CURRENT_PROJECT_VERSION = 3.7.2;
				DYLIB_COMPATIBILITY_VERSION = 3.7.2;
				DYLIB_CURRENT_VERSION = 3.7.2;
				ENABLE_TESTABILITY = NO;
				FRAMEWORK_SEARCH_PATHS = "/Users/jose/Documents/ZeroC/3.7/ice-demos/swift/Carthage/Build/Mac";
				INFOPLIST_FILE = Ice/throughput/Server/Info.plist;
				LD_RUNPATH_SEARCH_PATHS = "/Users/jose/Documents/ZeroC/3.7/ice-demos/swift/Carthage/Build/Mac";
				PRODUCT_BUNDLE_IDENTIFIER = com.zeroc.demo.Server;
				PRODUCT_NAME = Server;
				SDKROOT = macosx;
				SWIFT_VERSION = 5.0;
			};
			name = Release;
		};
		D5769324DEF27F5564925300 /* Release */ = {
			isa = XCBuildConfiguration;
			buildSettings = {
				CODE_SIGN_IDENTITY = "-";
				CODE_SIGN_STYLE = Automatic;
				CONFIGURATION_BUILD_DIR = "$(SRCROOT)/Client";
				CURRENT_PROJECT_VERSION = 3.7.2;
				DYLIB_COMPATIBILITY_VERSION = 3.7.2;
				DYLIB_CURRENT_VERSION = 3.7.2;
				ENABLE_TESTABILITY = NO;
				FRAMEWORK_SEARCH_PATHS = "/Users/jose/Documents/ZeroC/3.7/ice-demos/swift/Carthage/Build/Mac";
				INFOPLIST_FILE = Ice/throughput/Client/Info.plist;
				LD_RUNPATH_SEARCH_PATHS = "/Users/jose/Documents/ZeroC/3.7/ice-demos/swift/Carthage/Build/Mac";
				PRODUCT_BUNDLE_IDENTIFIER = com.zeroc.demo.Client;
				PRODUCT_NAME = Client;
				SDKROOT = macosx;
				SWIFT_VERSION = 5.0;
			};
			name = Release;
		};
/* End XCBuildConfiguration section */

/* Begin XCConfigurationList section */
		2046D351722096B3EBE28149 /* Build configuration list for PBXNativeTarget "Server macOS" */ = {
			isa = XCConfigurationList;
			buildConfigurations = (
				6FFA8EB592A1343F90F7A71F /* Debug */,
				B910552BD9FAA6B5C5C734D5 /* Release */,
			);
			defaultConfigurationIsVisible = 0;
			defaultConfigurationName = Release;
		};
		4B91833A726E8194783B2F0C /* Build configuration list for PBXProject "throughput" */ = {
			isa = XCConfigurationList;
			buildConfigurations = (
				895D34B5B4DD7F34795D1EF9 /* Debug */,
				847AEA3DFB134C1BE1191E8C /* Release */,
			);
			defaultConfigurationIsVisible = 0;
			defaultConfigurationName = Release;
		};
		E1B929338CF67E6E05F2F097 /* Build configuration list for PBXNativeTarget "Client macOS" */ = {
			isa = XCConfigurationList;
			buildConfigurations = (
				13B5EC350A30AFDB8B5E64A3 /* Debug */,
				D5769324DEF27F5564925300 /* Release */,
			);
			defaultConfigurationIsVisible = 0;
			defaultConfigurationName = Release;
		};
/* End XCConfigurationList section */
	};
	rootObject = 51A2771C0FAF05DF6B11AD61 /* Project object */;
}
